
Microsoft Visual Studio Solution File, Format Version 12.00
# Visual Studio 14
VisualStudioVersion = 14.0.24720.0
MinimumVisualStudioVersion = 10.0.40219.1
Project("{FAE04EC0-301F-11D3-BF4B-00C04F79EFBC}") = "Lesson2Task1", "ConsoleApplication1\Lesson2Task1.csproj", "{31013D92-EBC2-44E5-A71A-81EF00BDED20}"
EndProject
Project("{FAE04EC0-301F-11D3-BF4B-00C04F79EFBC}") = "Training", "..\..\..\..\Documents\Visual Studio 2013\Projects\Training\Training\Training.csproj", "{6A1BDD53-77B2-419F-B235-BD3C3EF55484}"
EndProject
Project("{FAE04EC0-301F-11D3-BF4B-00C04F79EFBC}") = "HomeTask", "HomeTask\HomeTask.csproj", "{0E38A744-4EC2-4FD8-B3A8-A48B138C88FE}"
EndProject
Project("{FAE04EC0-301F-11D3-BF4B-00C04F79EFBC}") = "Task4", "Task4\Task4.csproj", "{1397B3CA-9C1A-4478-A989-722D744635F0}"
EndProject
Project("{FAE04EC0-301F-11D3-BF4B-00C04F79EFBC}") = "Task6", "Task6\Task6.csproj", "{4D6DE4C2-FB32-4194-BBCD-986DFE69F293}"
EndProject
Project("{FAE04EC0-301F-11D3-BF4B-00C04F79EFBC}") = "Matrix", "Matrix\Matrix.csproj", "{D1E4B494-7570-4B8E-A056-03A9307EF969}"
EndProject
Project("{FAE04EC0-301F-11D3-BF4B-00C04F79EFBC}") = "SubstringInString", "SubstringInString\SubstringInString.csproj", "{B983B9B2-A1CA-4ADC-B749-E44885378701}"
EndProject
Project("{FAE04EC0-301F-11D3-BF4B-00C04F79EFBC}") = "Calculator", "Calculator\Calculator.csproj", "{C3E93D0B-86D8-47C4-8FF8-49C4D425DCF6}"
EndProject
Project("{FAE04EC0-301F-11D3-BF4B-00C04F79EFBC}") = "CalculatorTest", "CalculatorTest\CalculatorTest.csproj", "{3C632743-C6EF-48D7-9299-5ABD8BE6CA90}"
EndProject
Global
	GlobalSection(SolutionConfigurationPlatforms) = preSolution
		Debug|Any CPU = Debug|Any CPU
		Release|Any CPU = Release|Any CPU
	EndGlobalSection
	GlobalSection(ProjectConfigurationPlatforms) = postSolution
		{31013D92-EBC2-44E5-A71A-81EF00BDED20}.Debug|Any CPU.ActiveCfg = Debug|Any CPU
		{31013D92-EBC2-44E5-A71A-81EF00BDED20}.Debug|Any CPU.Build.0 = Debug|Any CPU
		{31013D92-EBC2-44E5-A71A-81EF00BDED20}.Release|Any CPU.ActiveCfg = Release|Any CPU
		{31013D92-EBC2-44E5-A71A-81EF00BDED20}.Release|Any CPU.Build.0 = Release|Any CPU
		{6A1BDD53-77B2-419F-B235-BD3C3EF55484}.Debug|Any CPU.ActiveCfg = Debug|Any CPU
		{6A1BDD53-77B2-419F-B235-BD3C3EF55484}.Debug|Any CPU.Build.0 = Debug|Any CPU
		{6A1BDD53-77B2-419F-B235-BD3C3EF55484}.Release|Any CPU.ActiveCfg = Release|Any CPU
		{6A1BDD53-77B2-419F-B235-BD3C3EF55484}.Release|Any CPU.Build.0 = Release|Any CPU
		{0E38A744-4EC2-4FD8-B3A8-A48B138C88FE}.Debug|Any CPU.ActiveCfg = Debug|Any CPU
		{0E38A744-4EC2-4FD8-B3A8-A48B138C88FE}.Debug|Any CPU.Build.0 = Debug|Any CPU
		{0E38A744-4EC2-4FD8-B3A8-A48B138C88FE}.Release|Any CPU.ActiveCfg = Release|Any CPU
		{0E38A744-4EC2-4FD8-B3A8-A48B138C88FE}.Release|Any CPU.Build.0 = Release|Any CPU
		{1397B3CA-9C1A-4478-A989-722D744635F0}.Debug|Any CPU.ActiveCfg = Debug|Any CPU
		{1397B3CA-9C1A-4478-A989-722D744635F0}.Debug|Any CPU.Build.0 = Debug|Any CPU
		{1397B3CA-9C1A-4478-A989-722D744635F0}.Release|Any CPU.ActiveCfg = Release|Any CPU
		{1397B3CA-9C1A-4478-A989-722D744635F0}.Release|Any CPU.Build.0 = Release|Any CPU
		{4D6DE4C2-FB32-4194-BBCD-986DFE69F293}.Debug|Any CPU.ActiveCfg = Debug|Any CPU
		{4D6DE4C2-FB32-4194-BBCD-986DFE69F293}.Debug|Any CPU.Build.0 = Debug|Any CPU
		{4D6DE4C2-FB32-4194-BBCD-986DFE69F293}.Release|Any CPU.ActiveCfg = Release|Any CPU
		{4D6DE4C2-FB32-4194-BBCD-986DFE69F293}.Release|Any CPU.Build.0 = Release|Any CPU
		{D1E4B494-7570-4B8E-A056-03A9307EF969}.Debug|Any CPU.ActiveCfg = Debug|Any CPU
		{D1E4B494-7570-4B8E-A056-03A9307EF969}.Debug|Any CPU.Build.0 = Debug|Any CPU
		{D1E4B494-7570-4B8E-A056-03A9307EF969}.Release|Any CPU.ActiveCfg = Release|Any CPU
		{D1E4B494-7570-4B8E-A056-03A9307EF969}.Release|Any CPU.Build.0 = Release|Any CPU
		{B983B9B2-A1CA-4ADC-B749-E44885378701}.Debug|Any CPU.ActiveCfg = Debug|Any CPU
		{B983B9B2-A1CA-4ADC-B749-E44885378701}.Debug|Any CPU.Build.0 = Debug|Any CPU
		{B983B9B2-A1CA-4ADC-B749-E44885378701}.Release|Any CPU.ActiveCfg = Release|Any CPU
		{B983B9B2-A1CA-4ADC-B749-E44885378701}.Release|Any CPU.Build.0 = Release|Any CPU
		{C3E93D0B-86D8-47C4-8FF8-49C4D425DCF6}.Debug|Any CPU.ActiveCfg = Debug|Any CPU
		{C3E93D0B-86D8-47C4-8FF8-49C4D425DCF6}.Debug|Any CPU.Build.0 = Debug|Any CPU
		{C3E93D0B-86D8-47C4-8FF8-49C4D425DCF6}.Release|Any CPU.ActiveCfg = Release|Any CPU
		{C3E93D0B-86D8-47C4-8FF8-49C4D425DCF6}.Release|Any CPU.Build.0 = Release|Any CPU
		{3C632743-C6EF-48D7-9299-5ABD8BE6CA90}.Debug|Any CPU.ActiveCfg = Debug|Any CPU
		{3C632743-C6EF-48D7-9299-5ABD8BE6CA90}.Debug|Any CPU.Build.0 = Debug|Any CPU
		{3C632743-C6EF-48D7-9299-5ABD8BE6CA90}.Release|Any CPU.ActiveCfg = Release|Any CPU
		{3C632743-C6EF-48D7-9299-5ABD8BE6CA90}.Release|Any CPU.Build.0 = Release|Any CPU
	EndGlobalSection
	GlobalSection(SolutionProperties) = preSolution
		HideSolutionNode = FALSE
	EndGlobalSection
EndGlobal
