
Microsoft Visual Studio Solution File, Format Version 12.00
# Visual Studio 2013
VisualStudioVersion = 12.0.31101.0
MinimumVisualStudioVersion = 10.0.40219.1
Project("{FAE04EC0-301F-11D3-BF4B-00C04F79EFBC}") = "Lesson2Task1", "ConsoleApplication1\Lesson2Task1.csproj", "{31013D92-EBC2-44E5-A71A-81EF00BDED20}"
EndProject
Project("{FAE04EC0-301F-11D3-BF4B-00C04F79EFBC}") = "Training", "..\..\..\..\Documents\Visual Studio 2013\Projects\Training\Training\Training.csproj", "{6A1BDD53-77B2-419F-B235-BD3C3EF55484}"
EndProject
Global
	GlobalSection(SolutionConfigurationPlatforms) = preSolution
		Debug|Any CPU = Debug|Any CPU
		Release|Any CPU = Release|Any CPU
	EndGlobalSection
	GlobalSection(ProjectConfigurationPlatforms) = postSolution
		{31013D92-EBC2-44E5-A71A-81EF00BDED20}.Debug|Any CPU.ActiveCfg = Debug|Any CPU
		{31013D92-EBC2-44E5-A71A-81EF00BDED20}.Debug|Any CPU.Build.0 = Debug|Any CPU
		{31013D92-EBC2-44E5-A71A-81EF00BDED20}.Release|Any CPU.ActiveCfg = Release|Any CPU
		{31013D92-EBC2-44E5-A71A-81EF00BDED20}.Release|Any CPU.Build.0 = Release|Any CPU
		{6A1BDD53-77B2-419F-B235-BD3C3EF55484}.Debug|Any CPU.ActiveCfg = Debug|Any CPU
		{6A1BDD53-77B2-419F-B235-BD3C3EF55484}.Debug|Any CPU.Build.0 = Debug|Any CPU
		{6A1BDD53-77B2-419F-B235-BD3C3EF55484}.Release|Any CPU.ActiveCfg = Release|Any CPU
		{6A1BDD53-77B2-419F-B235-BD3C3EF55484}.Release|Any CPU.Build.0 = Release|Any CPU
	EndGlobalSection
	GlobalSection(SolutionProperties) = preSolution
		HideSolutionNode = FALSE
	EndGlobalSection
EndGlobal
